
Microsoft Visual Studio Solution File, Format Version 12.00
# Visual Studio Version 17
VisualStudioVersion = 17.3.32929.385
MinimumVisualStudioVersion = 10.0.40219.1
Project("{9A19103F-16F7-4668-BE54-9A1E7A4F7556}") = "H3IA9Z_ADT_2022_23_1_Client", "Client\H3IA9Z_ADT_2022_23_1_Client.csproj", "{AEBE05A5-2741-469C-A819-DB2E215233EF}"
EndProject
Project("{9A19103F-16F7-4668-BE54-9A1E7A4F7556}") = "H3IA9Z_ADT_2022_23_1_Models", "Models\H3IA9Z_ADT_2022_23_1_Models.csproj", "{7D6D2FE5-8A1A-4DF6-995E-A359C9CD8558}"
EndProject
Project("{9A19103F-16F7-4668-BE54-9A1E7A4F7556}") = "H3IA9Z_ADT_2022_23_1_Data", "Data\H3IA9Z_ADT_2022_23_1_Data.csproj", "{6C046971-F2FC-451D-90BB-B2D3B05F896D}"
EndProject
Project("{9A19103F-16F7-4668-BE54-9A1E7A4F7556}") = "H3IA9Z_ADT_2022_23_1_Logic", "Logic\H3IA9Z_ADT_2022_23_1_Logic.csproj", "{AA023697-1707-4A25-9B3C-3E458114FC39}"
EndProject
Project("{9A19103F-16F7-4668-BE54-9A1E7A4F7556}") = "H3IA9Z_ADT_2022_23_1_Repository", "Repository\H3IA9Z_ADT_2022_23_1_Repository.csproj", "{111807CB-CE98-4CF4-BF5D-5AE0EB23AE49}"
EndProject
Project("{9A19103F-16F7-4668-BE54-9A1E7A4F7556}") = "H3IA9Z_ADT_2022_23_1_Test", "Test\H3IA9Z_ADT_2022_23_1_Test.csproj", "{D590DF71-33AB-4FEE-BDC8-BF093C78E1BE}"
EndProject
Project("{2150E333-8FDC-42A3-9474-1A3956D46DE8}") = "Frontend", "Frontend", "{D36F3D1B-82D3-4B00-BFF3-6A13DC4CAECD}"
EndProject
Project("{2150E333-8FDC-42A3-9474-1A3956D46DE8}") = "Shared", "Shared", "{838C1336-C0F7-4254-B79C-8C42F72525B0}"
EndProject
Project("{2150E333-8FDC-42A3-9474-1A3956D46DE8}") = "Backend", "Backend", "{94CEE5DD-D521-41E1-8FC3-68D7FA0F3A6D}"
EndProject
Project("{9A19103F-16F7-4668-BE54-9A1E7A4F7556}") = "H3IA9Z_ADT_2022_23_1_Endpoint", "Endpoint\H3IA9Z_ADT_2022_23_1_Endpoint.csproj", "{62DBF268-BC16-4A5E-8058-024B64758BA0}"
EndProject
Project("{FAE04EC0-301F-11D3-BF4B-00C04F79EFBC}") = "H3IA9Z_ADT_2022_23_1_WpfClient", "H3IA9Z_ADT_2022_23_1_WpfClient\H3IA9Z_ADT_2022_23_1_WpfClient.csproj", "{2FADF3A4-5538-4224-B89D-9BA1D11D3A47}"
EndProject
Global
	GlobalSection(SolutionConfigurationPlatforms) = preSolution
		Debug|Any CPU = Debug|Any CPU
		Release|Any CPU = Release|Any CPU
	EndGlobalSection
	GlobalSection(ProjectConfigurationPlatforms) = postSolution
		{AEBE05A5-2741-469C-A819-DB2E215233EF}.Debug|Any CPU.ActiveCfg = Debug|Any CPU
		{AEBE05A5-2741-469C-A819-DB2E215233EF}.Debug|Any CPU.Build.0 = Debug|Any CPU
		{AEBE05A5-2741-469C-A819-DB2E215233EF}.Release|Any CPU.ActiveCfg = Release|Any CPU
		{AEBE05A5-2741-469C-A819-DB2E215233EF}.Release|Any CPU.Build.0 = Release|Any CPU
		{7D6D2FE5-8A1A-4DF6-995E-A359C9CD8558}.Debug|Any CPU.ActiveCfg = Debug|Any CPU
		{7D6D2FE5-8A1A-4DF6-995E-A359C9CD8558}.Debug|Any CPU.Build.0 = Debug|Any CPU
		{7D6D2FE5-8A1A-4DF6-995E-A359C9CD8558}.Release|Any CPU.ActiveCfg = Release|Any CPU
		{7D6D2FE5-8A1A-4DF6-995E-A359C9CD8558}.Release|Any CPU.Build.0 = Release|Any CPU
		{6C046971-F2FC-451D-90BB-B2D3B05F896D}.Debug|Any CPU.ActiveCfg = Debug|Any CPU
		{6C046971-F2FC-451D-90BB-B2D3B05F896D}.Debug|Any CPU.Build.0 = Debug|Any CPU
		{6C046971-F2FC-451D-90BB-B2D3B05F896D}.Release|Any CPU.ActiveCfg = Release|Any CPU
		{6C046971-F2FC-451D-90BB-B2D3B05F896D}.Release|Any CPU.Build.0 = Release|Any CPU
		{AA023697-1707-4A25-9B3C-3E458114FC39}.Debug|Any CPU.ActiveCfg = Debug|Any CPU
		{AA023697-1707-4A25-9B3C-3E458114FC39}.Debug|Any CPU.Build.0 = Debug|Any CPU
		{AA023697-1707-4A25-9B3C-3E458114FC39}.Release|Any CPU.ActiveCfg = Release|Any CPU
		{AA023697-1707-4A25-9B3C-3E458114FC39}.Release|Any CPU.Build.0 = Release|Any CPU
		{111807CB-CE98-4CF4-BF5D-5AE0EB23AE49}.Debug|Any CPU.ActiveCfg = Debug|Any CPU
		{111807CB-CE98-4CF4-BF5D-5AE0EB23AE49}.Debug|Any CPU.Build.0 = Debug|Any CPU
		{111807CB-CE98-4CF4-BF5D-5AE0EB23AE49}.Release|Any CPU.ActiveCfg = Release|Any CPU
		{111807CB-CE98-4CF4-BF5D-5AE0EB23AE49}.Release|Any CPU.Build.0 = Release|Any CPU
		{D590DF71-33AB-4FEE-BDC8-BF093C78E1BE}.Debug|Any CPU.ActiveCfg = Debug|Any CPU
		{D590DF71-33AB-4FEE-BDC8-BF093C78E1BE}.Debug|Any CPU.Build.0 = Debug|Any CPU
		{D590DF71-33AB-4FEE-BDC8-BF093C78E1BE}.Release|Any CPU.ActiveCfg = Release|Any CPU
		{D590DF71-33AB-4FEE-BDC8-BF093C78E1BE}.Release|Any CPU.Build.0 = Release|Any CPU
		{62DBF268-BC16-4A5E-8058-024B64758BA0}.Debug|Any CPU.ActiveCfg = Debug|Any CPU
		{62DBF268-BC16-4A5E-8058-024B64758BA0}.Debug|Any CPU.Build.0 = Debug|Any CPU
		{62DBF268-BC16-4A5E-8058-024B64758BA0}.Release|Any CPU.ActiveCfg = Release|Any CPU
		{62DBF268-BC16-4A5E-8058-024B64758BA0}.Release|Any CPU.Build.0 = Release|Any CPU
		{2FADF3A4-5538-4224-B89D-9BA1D11D3A47}.Debug|Any CPU.ActiveCfg = Debug|Any CPU
		{2FADF3A4-5538-4224-B89D-9BA1D11D3A47}.Debug|Any CPU.Build.0 = Debug|Any CPU
		{2FADF3A4-5538-4224-B89D-9BA1D11D3A47}.Release|Any CPU.ActiveCfg = Release|Any CPU
		{2FADF3A4-5538-4224-B89D-9BA1D11D3A47}.Release|Any CPU.Build.0 = Release|Any CPU
	EndGlobalSection
	GlobalSection(SolutionProperties) = preSolution
		HideSolutionNode = FALSE
	EndGlobalSection
	GlobalSection(NestedProjects) = preSolution
		{AEBE05A5-2741-469C-A819-DB2E215233EF} = {D36F3D1B-82D3-4B00-BFF3-6A13DC4CAECD}
		{7D6D2FE5-8A1A-4DF6-995E-A359C9CD8558} = {838C1336-C0F7-4254-B79C-8C42F72525B0}
		{6C046971-F2FC-451D-90BB-B2D3B05F896D} = {94CEE5DD-D521-41E1-8FC3-68D7FA0F3A6D}
		{AA023697-1707-4A25-9B3C-3E458114FC39} = {94CEE5DD-D521-41E1-8FC3-68D7FA0F3A6D}
		{111807CB-CE98-4CF4-BF5D-5AE0EB23AE49} = {94CEE5DD-D521-41E1-8FC3-68D7FA0F3A6D}
		{D590DF71-33AB-4FEE-BDC8-BF093C78E1BE} = {94CEE5DD-D521-41E1-8FC3-68D7FA0F3A6D}
		{62DBF268-BC16-4A5E-8058-024B64758BA0} = {94CEE5DD-D521-41E1-8FC3-68D7FA0F3A6D}
		{2FADF3A4-5538-4224-B89D-9BA1D11D3A47} = {D36F3D1B-82D3-4B00-BFF3-6A13DC4CAECD}
	EndGlobalSection
	GlobalSection(ExtensibilityGlobals) = postSolution
		SolutionGuid = {8CE2E4E9-1615-47DD-9B29-B0C4A0B5F783}
	EndGlobalSection
EndGlobal
